
Microsoft Visual Studio Solution File, Format Version 12.00
# Visual Studio Version 16
VisualStudioVersion = 16.0.30114.105
MinimumVisualStudioVersion = 10.0.40219.1
Project("{FAE04EC0-301F-11D3-BF4B-00C04F79EFBC}") = "Letteral.Rabbitmq", "Letteral.Rabbitmq\Letteral.Rabbitmq.csproj", "{BF0E7F2D-D6C0-4F91-9656-57AA60F59618}"
EndProject
Project("{FAE04EC0-301F-11D3-BF4B-00C04F79EFBC}") = "Letteral.Rabbitmq.IntegrationTest", "Letteral.Rabbitmq.IntegrationTest\Letteral.Rabbitmq.IntegrationTest.csproj", "{E92245B7-2B4C-4DA1-B7CC-786ECF884459}"
EndProject
Global
	GlobalSection(SolutionConfigurationPlatforms) = preSolution
		Debug|Any CPU = Debug|Any CPU
		Release|Any CPU = Release|Any CPU
	EndGlobalSection
	GlobalSection(SolutionProperties) = preSolution
		HideSolutionNode = FALSE
	EndGlobalSection
	GlobalSection(ProjectConfigurationPlatforms) = postSolution
		{BF0E7F2D-D6C0-4F91-9656-57AA60F59618}.Debug|Any CPU.ActiveCfg = Debug|Any CPU
		{BF0E7F2D-D6C0-4F91-9656-57AA60F59618}.Debug|Any CPU.Build.0 = Debug|Any CPU
		{BF0E7F2D-D6C0-4F91-9656-57AA60F59618}.Release|Any CPU.ActiveCfg = Release|Any CPU
		{BF0E7F2D-D6C0-4F91-9656-57AA60F59618}.Release|Any CPU.Build.0 = Release|Any CPU
		{E92245B7-2B4C-4DA1-B7CC-786ECF884459}.Debug|Any CPU.ActiveCfg = Debug|Any CPU
		{E92245B7-2B4C-4DA1-B7CC-786ECF884459}.Debug|Any CPU.Build.0 = Debug|Any CPU
		{E92245B7-2B4C-4DA1-B7CC-786ECF884459}.Release|Any CPU.ActiveCfg = Release|Any CPU
		{E92245B7-2B4C-4DA1-B7CC-786ECF884459}.Release|Any CPU.Build.0 = Release|Any CPU
	EndGlobalSection
EndGlobal
